# This file is automatically @generated by Cargo.
# It is not intended for manual editing.
version = 4

[[package]]
name = "aadhaar-qr"
version = "0.1.0"

[[package]]
name = "attestation"
version = "0.1.0"

[[package]]
name = "enrollment-tee"
version = "0.1.0"

[[package]]
name = "liveness"
version = "0.1.0"

[[package]]
name = "palc"
version = "0.1.0"

[[package]]
name = "voprf"
version = "0.1.0"

[[package]]
name = "voprf-vault"
version = "0.1.0"
