lockfileVersion: '9.0'

settings:
  autoInstallPeers: true
  excludeLinksFromLockfile: false

importers:

  .: {}

  app:
    dependencies:
      '@pramaana/sdk':
        specifier: workspace:*
        version: link:../sdk
    devDependencies:
      '@types/node':
        specifier: ^20.0.0
        version: 20.19.43
      typescript:
        specifier: ^5.5.0
        version: 5.9.3

  circuits:
    devDependencies:
      snarkjs:
        specifier: 0.7.5
        version: 0.7.5

  sdk:
    devDependencies:
      typescript:
        specifier: ^5.5.0
        version: 5.9.3

packages:

  '@iden3/bigarray@0.0.2':
    resolution: {integrity: sha512-Xzdyxqm1bOFF6pdIsiHLLl3HkSLjbhqJHVyqaTxXt3RqXBEnmsUmEW47H7VOi/ak7TdkRpNkxjyK5Zbkm+y52g==}

  '@iden3/binfileutils@0.0.12':
    resolution: {integrity: sha512-naAmzuDufRIcoNfQ1d99d7hGHufLA3wZSibtr4dMe6ZeiOPV1KwOZWTJ1YVz4HbaWlpDuzVU72dS4ATQS4PXBQ==}

  '@types/node@20.19.43':
    resolution: {integrity: sha512-6oYBAi5ikg4Pl+kGsoYtawUMBT2zZMCvPNF7pVLnHZfd1zf38DRiWn/gT01RYCdUqkv7Fhr+C9ot4/tb+2sVvA==}

  async@3.2.6:
    resolution: {integrity: sha512-htCUDlxyyCLMgaM3xXg0C0LW2xqfuQ6p05pCEIsXuyQ+a1koYKTuBMzRNwmybfLgvJDMd0r1LTn4+E0Ti6C2AA==}

  b4a@1.8.1:
    resolution: {integrity: sha512-aiqre1Nr0B/6DgE2N5vwTc+2/oQZ4Wh1t4NznYY4E00y8LCt6NqdRv81so00oo27D8MVKTpUa/MwUUtBLXCoDw==}
    peerDependencies:
      react-native-b4a: '*'
    peerDependenciesMeta:
      react-native-b4a:
        optional: true

  balanced-match@1.0.2:
    resolution: {integrity: sha512-3oSeUO0TMV67hN1AmbXsK4yaqU7tjiHlbxRDZOpH0KW9+CeX4bRAaX0Anxt0tx2MrpRpWwQaPwIlISEJhYU5Pw==}

  bfj@7.1.0:
    resolution: {integrity: sha512-I6MMLkn+anzNdCUp9hMRyui1HaNEUCco50lxbvNS4+EyXg8lN3nJ48PjPWtbH8UVS9CuMoaKE9U2V3l29DaRQw==}
    engines: {node: '>= 8.0.0'}

  blake2b-wasm@2.4.0:
    resolution: {integrity: sha512-S1kwmW2ZhZFFFOghcx73+ZajEfKBqhP82JMssxtLVMxlaPea1p9uoLiUZ5WYyHn0KddwbLc+0vh4wR0KBNoT5w==}

  bluebird@3.7.2:
    resolution: {integrity: sha512-XpNj6GDQzdfW+r2Wnn7xiSAd7TM3jzkxGXBGTtWKuSXv1xUV+azxAm8jdWZN06QTQk+2N2XB9jRDkvbmQmcRtg==}

  brace-expansion@2.1.1:
    resolution: {integrity: sha512-WR1cURNjuvBLMZBMbqM0UoE+WAfdUcEV1ccD8PVBVOI+Z3ND4+SZbN8RsfT2bMuG1qwz5RFvPukSZm5fF2D5eA==}

  check-types@11.2.3:
    resolution: {integrity: sha512-+67P1GkJRaxQD6PKK0Et9DhwQB+vGg3PM5+aavopCpZT1lj9jeqfvpgTLAWErNj8qApkkmXlu/Ug74kmhagkXg==}

  circom_runtime@0.1.28:
    resolution: {integrity: sha512-ACagpQ7zBRLKDl5xRZ4KpmYIcZDUjOiNRuxvXLqhnnlLSVY1Dbvh73TI853nqoR0oEbihtWmMSjgc5f+pXf/jQ==}
    hasBin: true

  ejs@3.1.10:
    resolution: {integrity: sha512-UeJmFfOrAQS8OJWPZ4qtgHyWExa088/MtK5UEyoJGFH67cDEXkZSviOiKRCZ4Xij0zxI3JECgYs3oKx+AizQBA==}
    engines: {node: '>=0.10.0'}
    hasBin: true

  escodegen@2.1.0:
    resolution: {integrity: sha512-2NlIDTwUWJN0mRPQOdtQBzbUHvdGY2P1VXSyU83Q3xKxM7WHX2Ql8dKq782Q9TgQUNOLEzEYu9bzLNj1q88I5w==}
    engines: {node: '>=6.0'}
    hasBin: true

  esprima@1.2.5:
    resolution: {integrity: sha512-S9VbPDU0adFErpDai3qDkjq8+G05ONtKzcyNrPKg/ZKa+tf879nX2KexNU95b31UoTJjRLInNBHHHjFPoCd7lQ==}
    engines: {node: '>=0.4.0'}
    hasBin: true

  esprima@4.0.1:
    resolution: {integrity: sha512-eGuFFw7Upda+g4p+QHvnW0RyTX/SVeJBDM/gCtMARO0cLuT2HcEKnTPvhjV6aGeqrCB/sbNop0Kszm0jsaWU4A==}
    engines: {node: '>=4'}
    hasBin: true

  estraverse@5.3.0:
    resolution: {integrity: sha512-MMdARuVEQziNTeJD8DgMqmhwR11BRQ/cBP+pLtYdSTnf3MIO8fFeiINEbX36ZdNlfU/7A9f3gUw49B3oQsvwBA==}
    engines: {node: '>=4.0'}

  esutils@2.0.3:
    resolution: {integrity: sha512-kVscqXk4OCp68SZ0dkgEKVi6/8ij300KBWTJq32P/dYeWTSwK41WyTxalN1eRmA5Z9UU/LX9D7FWSmV9SAYx6g==}
    engines: {node: '>=0.10.0'}

  fastfile@0.0.20:
    resolution: {integrity: sha512-r5ZDbgImvVWCP0lA/cGNgQcZqR+aYdFx3u+CtJqUE510pBUVGMn4ulL/iRTI4tACTYsNJ736uzFxEBXesPAktA==}

  ffjavascript@0.3.0:
    resolution: {integrity: sha512-l7sR5kmU3gRwDy8g0Z2tYBXy5ttmafRPFOqY7S6af5cq51JqJWt5eQ/lSR/rs2wQNbDYaYlQr5O+OSUf/oMLoQ==}

  ffjavascript@0.3.1:
    resolution: {integrity: sha512-4PbK1WYodQtuF47D4pRI5KUg3Q392vuP5WjE1THSnceHdXwU3ijaoS0OqxTzLknCtz4Z2TtABzkBdBdMn3B/Aw==}

  filelist@1.0.6:
    resolution: {integrity: sha512-5giy2PkLYY1cP39p17Ech+2xlpTRL9HLspOfEgm0L6CwBXBTgsK5ou0JtzYuepxkaQ/tvhCFIJ5uXo0OrM2DxA==}

  hoopy@0.1.4:
    resolution: {integrity: sha512-HRcs+2mr52W0K+x8RzcLzuPPmVIKMSv97RGHy0Ea9y/mpcaK+xTrjICA04KAHi4GRzxliNqNJEFYWHghy3rSfQ==}
    engines: {node: '>= 6.0.0'}

  jake@10.9.4:
    resolution: {integrity: sha512-wpHYzhxiVQL+IV05BLE2Xn34zW1S223hvjtqk0+gsPrwd/8JNLXJgZZM/iPFsYc1xyphF+6M6EvdE5E9MBGkDA==}
    engines: {node: '>=10'}
    hasBin: true

  js-sha3@0.8.0:
    resolution: {integrity: sha512-gF1cRrHhIzNfToc802P800N8PpXS+evLLXfsVpowqmAFR9uwbi89WvXg2QspOmXL8QL86J4T1EpFu+yUkwJY3Q==}

  jsonpath@1.3.0:
    resolution: {integrity: sha512-0kjkYHJBkAy50Z5QzArZ7udmvxrJzkpKYW27fiF//BrMY7TQibYLl+FYIXN2BiYmwMIVzSfD8aDRj6IzgBX2/w==}

  logplease@1.2.15:
    resolution: {integrity: sha512-jLlHnlsPSJjpwUfcNyUxXCl33AYg2cHhIf9QhGL2T4iPT0XPB+xP1LRKFPgIg1M/sg9kAJvy94w9CzBNrfnstA==}

  minimatch@5.1.9:
    resolution: {integrity: sha512-7o1wEA2RyMP7Iu7GNba9vc0RWWGACJOCZBJX2GJWip0ikV+wcOsgVuY9uE8CPiyQhkGFSlhuSkZPavN7u1c2Fw==}
    engines: {node: '>=10'}

  nanoassert@2.0.0:
    resolution: {integrity: sha512-7vO7n28+aYO4J+8w96AzhmU8G+Y/xpPDJz/se19ICsqj/momRbb9mh9ZUtkoJ5X3nTnPdhEJyc0qnM6yAsHBaA==}

  picocolors@1.1.1:
    resolution: {integrity: sha512-xceH2snhtb5M9liqDsmEw56le376mTZkEX/jEb/RxNFyegNul7eNslCXP9FDj/Lcu0X8KEyMceP2ntpaHrDEVA==}

  r1csfile@0.0.48:
    resolution: {integrity: sha512-kHRkKUJNaor31l05f2+RFzvcH5XSa7OfEfd/l4hzjte6NL6fjRkSMfZ4BjySW9wmfdwPOtq3mXurzPvPGEf5Tw==}

  snarkjs@0.7.5:
    resolution: {integrity: sha512-h+3c4rXZKLhLuHk4LHydZCk/h5GcNvk5GjVKRRkHmfb6Ntf8gHOA9zea3g656iclRuhqQ3iKDWFgiD9ypLrKiA==}
    hasBin: true

  source-map@0.6.1:
    resolution: {integrity: sha512-UjgapumWlbMhkBgzT7Ykc5YXUT46F0iKu8SGXq0bcwP5dz/h0Plj6enJqjz1Zbq2l5WaqYnrVbwWOWMyF3F47g==}
    engines: {node: '>=0.10.0'}

  static-eval@2.1.1:
    resolution: {integrity: sha512-MgWpQ/ZjGieSVB3eOJVs4OA2LT/q1vx98KPCTTQPzq/aLr0YUXTsgryTXr4SLfR0ZfUUCiedM9n/ABeDIyy4mA==}

  tryer@1.0.1:
    resolution: {integrity: sha512-c3zayb8/kWWpycWYg87P71E1S1ZL6b6IJxfb5fvsUgsf0S2MVGaDhDXXjDMpdCpfWXqptc+4mXwmiy1ypXqRAA==}

  typescript@5.9.3:
    resolution: {integrity: sha512-jl1vZzPDinLr9eUt3J/t7V6FgNEw9QjvBPdysz9KfQDD41fQrC2Y4vKQdiaUpFT4bXlb1RHhLpp8wtm6M5TgSw==}
    engines: {node: '>=14.17'}
    hasBin: true

  underscore@1.13.6:
    resolution: {integrity: sha512-+A5Sja4HP1M08MaXya7p5LvjuM7K6q/2EaC0+iovj/wOcMsTzMvDFbasi/oSapiwOlt252IqsKqPjCl7huKS0A==}

  undici-types@6.21.0:
    resolution: {integrity: sha512-iwDZqg0QAGrg9Rav5H4n0M64c3mkR59cJ6wQp+7C4nI0gsmExaedaYLNO44eT4AtBBwjbTiGPMlt2Md0T9H9JQ==}

  wasmbuilder@0.0.16:
    resolution: {integrity: sha512-Qx3lEFqaVvp1cEYW7Bfi+ebRJrOiwz2Ieu7ZG2l7YyeSJIok/reEQCQCuicj/Y32ITIJuGIM9xZQppGx5LrQdA==}

  wasmcurves@0.2.2:
    resolution: {integrity: sha512-JRY908NkmKjFl4ytnTu5ED6AwPD+8VJ9oc94kdq7h5bIwbj0L4TDJ69mG+2aLs2SoCmGfqIesMWTEJjtYsoQXQ==}

  web-worker@1.2.0:
    resolution: {integrity: sha512-PgF341avzqyx60neE9DD+XS26MMNMoUQRz9NOZwW32nPQrF6p77f1htcnjBSEV8BGMKZ16choqUG4hyI0Hx7mA==}

snapshots:

  '@iden3/bigarray@0.0.2': {}

  '@iden3/binfileutils@0.0.12':
    dependencies:
      fastfile: 0.0.20
      ffjavascript: 0.3.1

  '@types/node@20.19.43':
    dependencies:
      undici-types: 6.21.0

  async@3.2.6: {}

  b4a@1.8.1: {}

  balanced-match@1.0.2: {}

  bfj@7.1.0:
    dependencies:
      bluebird: 3.7.2
      check-types: 11.2.3
      hoopy: 0.1.4
      jsonpath: 1.3.0
      tryer: 1.0.1

  blake2b-wasm@2.4.0:
    dependencies:
      b4a: 1.8.1
      nanoassert: 2.0.0
    transitivePeerDependencies:
      - react-native-b4a

  bluebird@3.7.2: {}

  brace-expansion@2.1.1:
    dependencies:
      balanced-match: 1.0.2

  check-types@11.2.3: {}

  circom_runtime@0.1.28:
    dependencies:
      ffjavascript: 0.3.1

  ejs@3.1.10:
    dependencies:
      jake: 10.9.4

  escodegen@2.1.0:
    dependencies:
      esprima: 4.0.1
      estraverse: 5.3.0
      esutils: 2.0.3
    optionalDependencies:
      source-map: 0.6.1

  esprima@1.2.5: {}

  esprima@4.0.1: {}

  estraverse@5.3.0: {}

  esutils@2.0.3: {}

  fastfile@0.0.20: {}

  ffjavascript@0.3.0:
    dependencies:
      wasmbuilder: 0.0.16
      wasmcurves: 0.2.2
      web-worker: 1.2.0

  ffjavascript@0.3.1:
    dependencies:
      wasmbuilder: 0.0.16
      wasmcurves: 0.2.2
      web-worker: 1.2.0

  filelist@1.0.6:
    dependencies:
      minimatch: 5.1.9

  hoopy@0.1.4: {}

  jake@10.9.4:
    dependencies:
      async: 3.2.6
      filelist: 1.0.6
      picocolors: 1.1.1

  js-sha3@0.8.0: {}

  jsonpath@1.3.0:
    dependencies:
      esprima: 1.2.5
      static-eval: 2.1.1
      underscore: 1.13.6

  logplease@1.2.15: {}

  minimatch@5.1.9:
    dependencies:
      brace-expansion: 2.1.1

  nanoassert@2.0.0: {}

  picocolors@1.1.1: {}

  r1csfile@0.0.48:
    dependencies:
      '@iden3/bigarray': 0.0.2
      '@iden3/binfileutils': 0.0.12
      fastfile: 0.0.20
      ffjavascript: 0.3.0

  snarkjs@0.7.5:
    dependencies:
      '@iden3/binfileutils': 0.0.12
      bfj: 7.1.0
      blake2b-wasm: 2.4.0
      circom_runtime: 0.1.28
      ejs: 3.1.10
      fastfile: 0.0.20
      ffjavascript: 0.3.1
      js-sha3: 0.8.0
      logplease: 1.2.15
      r1csfile: 0.0.48
    transitivePeerDependencies:
      - react-native-b4a

  source-map@0.6.1:
    optional: true

  static-eval@2.1.1:
    dependencies:
      escodegen: 2.1.0

  tryer@1.0.1: {}

  typescript@5.9.3: {}

  underscore@1.13.6: {}

  undici-types@6.21.0: {}

  wasmbuilder@0.0.16: {}

  wasmcurves@0.2.2:
    dependencies:
      wasmbuilder: 0.0.16

  web-worker@1.2.0: {}
